
Microsoft Visual Studio Solution File, Format Version 12.00
# Visual Studio Version 17
VisualStudioVersion = 17.13.35931.197 d17.13
MinimumVisualStudioVersion = 10.0.40219.1
Project("{FAE04EC0-301F-11D3-BF4B-00C04F79EFBC}") = "lab10cs", "lab10cs.csproj", "{96DA424D-D029-4618-BF3E-ED470FC55DFE}"
EndProject
Global
	GlobalSection(SolutionConfigurationPlatforms) = preSolution
		Debug|Any CPU = Debug|Any CPU
		Release|Any CPU = Release|Any CPU
	EndGlobalSection
	GlobalSection(ProjectConfigurationPlatforms) = postSolution
		{96DA424D-D029-4618-BF3E-ED470FC55DFE}.Debug|Any CPU.ActiveCfg = Debug|Any CPU
		{96DA424D-D029-4618-BF3E-ED470FC55DFE}.Debug|Any CPU.Build.0 = Debug|Any CPU
		{96DA424D-D029-4618-BF3E-ED470FC55DFE}.Release|Any CPU.ActiveCfg = Release|Any CPU
		{96DA424D-D029-4618-BF3E-ED470FC55DFE}.Release|Any CPU.Build.0 = Release|Any CPU
	EndGlobalSection
	GlobalSection(SolutionProperties) = preSolution
		HideSolutionNode = FALSE
	EndGlobalSection
	GlobalSection(ExtensibilityGlobals) = postSolution
		SolutionGuid = {BFAF93D0-D585-401B-B50F-50959A63F1BE}
	EndGlobalSection
EndGlobal
